
Microsoft Visual Studio Solution File, Format Version 12.00
# Visual Studio Version 16
VisualStudioVersion = 16.0.30128.36
MinimumVisualStudioVersion = 10.0.40219.1
Project("{FAE04EC0-301F-11D3-BF4B-00C04F79EFBC}") = "LineGetter", "LineGetter\LineGetter.csproj", "{BB9AB856-2EC6-4864-ABB5-33C67DF1DFEB}"
EndProject
Global
	GlobalSection(SolutionConfigurationPlatforms) = preSolution
		Debug|Any CPU = Debug|Any CPU
		Release|Any CPU = Release|Any CPU
	EndGlobalSection
	GlobalSection(ProjectConfigurationPlatforms) = postSolution
		{BB9AB856-2EC6-4864-ABB5-33C67DF1DFEB}.Debug|Any CPU.ActiveCfg = Debug|Any CPU
		{BB9AB856-2EC6-4864-ABB5-33C67DF1DFEB}.Debug|Any CPU.Build.0 = Debug|Any CPU
		{BB9AB856-2EC6-4864-ABB5-33C67DF1DFEB}.Release|Any CPU.ActiveCfg = Release|Any CPU
		{BB9AB856-2EC6-4864-ABB5-33C67DF1DFEB}.Release|Any CPU.Build.0 = Release|Any CPU
	EndGlobalSection
	GlobalSection(SolutionProperties) = preSolution
		HideSolutionNode = FALSE
	EndGlobalSection
	GlobalSection(ExtensibilityGlobals) = postSolution
		SolutionGuid = {37E07ED4-05E7-4300-81CB-6B6162C6468E}
	EndGlobalSection
EndGlobal
